PODS:
  - AFNetworking (3.1.0):
    - AFNetworking/NSURLSession (= 3.1.0)
    - AFNetworking/Reachability (= 3.1.0)
    - AFNetworking/Security (= 3.1.0)
    - AFNetworking/Serialization (= 3.1.0)
    - AFNetworking/UIKit (= 3.1.0)
  - AFNetworking/NSURLSession (3.1.0):
    - AFNetworking/Reachability
    - AFNetworking/Security
    - AFNetworking/Serialization
  - AFNetworking/Reachability (3.1.0)
  - AFNetworking/Security (3.1.0)
  - AFNetworking/Serialization (3.1.0)
  - AFNetworking/UIKit (3.1.0):
    - AFNetworking/NSURLSession
  - DACircularProgress (2.3.1)
  - LGRefreshView (1.0.5):
    - DACircularProgress (~> 2.3.0)
  - VK-ios-sdk (1.4.6)

DEPENDENCIES:
  - AFNetworking
  - LGRefreshView
  - VK-ios-sdk

SPEC REPOS:
  https://github.com/cocoapods/specs.git:
    - AFNetworking
    - DACircularProgress
    - LGRefreshView
    - VK-ios-sdk

SPEC CHECKSUMS:
  AFNetworking: 5e0e199f73d8626b11e79750991f5d173d1f8b67
  DACircularProgress: 4dd437c0fc3da5161cb289e07ac449493d41db71
  LGRefreshView: 34746afadbd23de8d1449cab15f3d89269645d43
  VK-ios-sdk: 7fd48bc5aaa6b96c3197c1987eb6593f2ea67331

PODFILE CHECKSUM: d8329ff14dec8cf8db76562a73aad83b029cca38

COCOAPODS: 1.5.3
